
Microsoft Visual Studio Solution File, Format Version 12.00
# Visual Studio 15
VisualStudioVersion = 15.0.26730.12
MinimumVisualStudioVersion = 10.0.40219.1
Project("{FAE04EC0-301F-11D3-BF4B-00C04F79EFBC}") = "Learning.NetCore.EmptyWeb", "Learning.NetCore.EmptyWeb\Learning.NetCore.EmptyWeb.csproj", "{A959011D-A406-4701-A94A-EFD1FD4B751B}"
EndProject
Global
	GlobalSection(SolutionConfigurationPlatforms) = preSolution
		Debug|Any CPU = Debug|Any CPU
		Release|Any CPU = Release|Any CPU
	EndGlobalSection
	GlobalSection(ProjectConfigurationPlatforms) = postSolution
		{A959011D-A406-4701-A94A-EFD1FD4B751B}.Debug|Any CPU.ActiveCfg = Debug|Any CPU
		{A959011D-A406-4701-A94A-EFD1FD4B751B}.Debug|Any CPU.Build.0 = Debug|Any CPU
		{A959011D-A406-4701-A94A-EFD1FD4B751B}.Release|Any CPU.ActiveCfg = Release|Any CPU
		{A959011D-A406-4701-A94A-EFD1FD4B751B}.Release|Any CPU.Build.0 = Release|Any CPU
	EndGlobalSection
	GlobalSection(SolutionProperties) = preSolution
		HideSolutionNode = FALSE
	EndGlobalSection
	GlobalSection(ExtensibilityGlobals) = postSolution
		SolutionGuid = {3519BF54-9129-4948-A690-1C6674088787}
	EndGlobalSection
EndGlobal
